// !$*UTF8*$!
{
	archiveVersion = 1;
	classes = {
	};
	objectVersion = 46;
	objects = {

/* Begin PBXBuildFile section */
		267635711CAE5A0400F7A019 /* main.m in Sources */ = {isa = PBXBuildFile; fileRef = 267635701CAE5A0400F7A019 /* main.m */; };
		267635741CAE5A0400F7A019 /* RALAppDelegate.m in Sources */ = {isa = PBXBuildFile; fileRef = 267635731CAE5A0400F7A019 /* RALAppDelegate.m */; };
		2676357A1CAE5A0400F7A019 /* RALLibrary.storyboard in Resources */ = {isa = PBXBuildFile; fileRef = 267635781CAE5A0400F7A019 /* RALLibrary.storyboard */; };
		2676357C1CAE5A0400F7A019 /* Assets.xcassets in Resources */ = {isa = PBXBuildFile; fileRef = 2676357B1CAE5A0400F7A019 /* Assets.xcassets */; };
		2676357F1CAE5A0400F7A019 /* LaunchScreen.storyboard in Resources */ = {isa = PBXBuildFile; fileRef = 2676357D1CAE5A0400F7A019 /* LaunchScreen.storyboard */; };
		2676358A1CAE5A0400F7A019 /* RallyTests.m in Sources */ = {isa = PBXBuildFile; fileRef = 267635891CAE5A0400F7A019 /* RallyTests.m */; };
		267635951CAE5A0400F7A019 /* RallyUITests.m in Sources */ = {isa = PBXBuildFile; fileRef = 267635941CAE5A0400F7A019 /* RallyUITests.m */; };
		267635A41CAE5B6000F7A019 /* RALLibraryViewController.m in Sources */ = {isa = PBXBuildFile; fileRef = 267635A31CAE5B6000F7A019 /* RALLibraryViewController.m */; };
		267635AA1CAE5D4800F7A019 /* RALLibrary.m in Sources */ = {isa = PBXBuildFile; fileRef = 267635A91CAE5D4800F7A019 /* RALLibrary.m */; };
		76AC77F2368614DF3BF81A02 /* libPods-Rally.a in Frameworks */ = {isa = PBXBuildFile; fileRef = F46705B190F43764C0F612DF /* libPods-Rally.a */; };
/* End PBXBuildFile section */

/* Begin PBXContainerItemProxy section */
		267635861CAE5A0400F7A019 /* PBXContainerItemProxy */ = {
			isa = PBXContainerItemProxy;
			containerPortal = 267635641CAE5A0400F7A019 /* Project object */;
			proxyType = 1;
			remoteGlobalIDString = 2676356B1CAE5A0400F7A019;
			remoteInfo = Rally;
		};
		267635911CAE5A0400F7A019 /* PBXContainerItemProxy */ = {
			isa = PBXContainerItemProxy;
			containerPortal = 267635641CAE5A0400F7A019 /* Project object */;
			proxyType = 1;
			remoteGlobalIDString = 2676356B1CAE5A0400F7A019;
			remoteInfo = Rally;
		};
/* End PBXContainerItemProxy section */

/* Begin PBXFileReference section */
		2676356C1CAE5A0400F7A019 /* Rally.app */ = {isa = PBXFileReference; explicitFileType = wrapper.application; includeInIndex = 0; path = Rally.app; sourceTree = BUILT_PRODUCTS_DIR; };
		267635701CAE5A0400F7A019 /* main.m */ = {isa = PBXFileReference; lastKnownFileType = sourcecode.c.objc; path = main.m; sourceTree = "<group>"; };
		267635721CAE5A0400F7A019 /* RALAppDelegate.h */ = {isa = PBXFileReference; lastKnownFileType = sourcecode.c.h; path = RALAppDelegate.h; sourceTree = "<group>"; };
		267635731CAE5A0400F7A019 /* RALAppDelegate.m */ = {isa = PBXFileReference; lastKnownFileType = sourcecode.c.objc; path = RALAppDelegate.m; sourceTree = "<group>"; };
		267635791CAE5A0400F7A019 /* Base */ = {isa = PBXFileReference; lastKnownFileType = file.storyboard; name = Base; path = Base.lproj/RALLibrary.storyboard; sourceTree = "<group>"; };
		2676357B1CAE5A0400F7A019 /* Assets.xcassets */ = {isa = PBXFileReference; lastKnownFileType = folder.assetcatalog; path = Assets.xcassets; sourceTree = "<group>"; };
		2676357E1CAE5A0400F7A019 /* Base */ = {isa = PBXFileReference; lastKnownFileType = file.storyboard; name = Base; path = Base.lproj/LaunchScreen.storyboard; sourceTree = "<group>"; };
		267635801CAE5A0400F7A019 /* Info.plist */ = {isa = PBXFileReference; lastKnownFileType = text.plist.xml; path = Info.plist; sourceTree = "<group>"; };
		267635851CAE5A0400F7A019 /* RallyTests.xctest */ = {isa = PBXFileReference; explicitFileType = wrapper.cfbundle; includeInIndex = 0; path = RallyTests.xctest; sourceTree = BUILT_PRODUCTS_DIR; };
		267635891CAE5A0400F7A019 /* RallyTests.m */ = {isa = PBXFileReference; lastKnownFileType = sourcecode.c.objc; path = RallyTests.m; sourceTree = "<group>"; };
		2676358B1CAE5A0400F7A019 /* Info.plist */ = {isa = PBXFileReference; lastKnownFileType = text.plist.xml; path = Info.plist; sourceTree = "<group>"; };
		267635901CAE5A0400F7A019 /* RallyUITests.xctest */ = {isa = PBXFileReference; explicitFileType = wrapper.cfbundle; includeInIndex = 0; path = RallyUITests.xctest; sourceTree = BUILT_PRODUCTS_DIR; };
		267635941CAE5A0400F7A019 /* RallyUITests.m */ = {isa = PBXFileReference; lastKnownFileType = sourcecode.c.objc; path = RallyUITests.m; sourceTree = "<group>"; };
		267635961CAE5A0400F7A019 /* Info.plist */ = {isa = PBXFileReference; lastKnownFileType = text.plist.xml; path = Info.plist; sourceTree = "<group>"; };
		267635A21CAE5B6000F7A019 /* RALLibraryViewController.h */ = {isa = PBXFileReference; fileEncoding = 4; lastKnownFileType = sourcecode.c.h; path = RALLibraryViewController.h; sourceTree = "<group>"; };
		267635A31CAE5B6000F7A019 /* RALLibraryViewController.m */ = {isa = PBXFileReference; fileEncoding = 4; lastKnownFileType = sourcecode.c.objc; path = RALLibraryViewController.m; sourceTree = "<group>"; };
		267635A81CAE5D4800F7A019 /* RALLibrary.h */ = {isa = PBXFileReference; fileEncoding = 4; lastKnownFileType = sourcecode.c.h; path = RALLibrary.h; sourceTree = "<group>"; };
		267635A91CAE5D4800F7A019 /* RALLibrary.m */ = {isa = PBXFileReference; fileEncoding = 4; lastKnownFileType = sourcecode.c.objc; path = RALLibrary.m; sourceTree = "<group>"; };
		2682AFB01CB218B7000D9726 /* PrefixHeader.pch */ = {isa = PBXFileReference; lastKnownFileType = sourcecode.c.h; path = PrefixHeader.pch; sourceTree = "<group>"; };
		2FAC2507FFD255A08B451EC5 /* Pods-Rally.release.xcconfig */ = {isa = PBXFileReference; includeInIndex = 1; lastKnownFileType = text.xcconfig; name = "Pods-Rally.release.xcconfig"; path = "Pods/Target Support Files/Pods-Rally/Pods-Rally.release.xcconfig"; sourceTree = "<group>"; };
		80F549B46D0A74FEB8DCBF19 /* Pods-Rally.debug.xcconfig */ = {isa = PBXFileReference; includeInIndex = 1; lastKnownFileType = text.xcconfig; name = "Pods-Rally.debug.xcconfig"; path = "Pods/Target Support Files/Pods-Rally/Pods-Rally.debug.xcconfig"; sourceTree = "<group>"; };
		F46705B190F43764C0F612DF /* libPods-Rally.a */ = {isa = PBXFileReference; explicitFileType = archive.ar; includeInIndex = 0; path = "libPods-Rally.a"; sourceTree = BUILT_PRODUCTS_DIR; };
/* End PBXFileReference section */

/* Begin PBXFrameworksBuildPhase section */
		267635691CAE5A0400F7A019 /* Frameworks */ = {
			isa = PBXFrameworksBuildPhase;
			buildActionMask = 2147483647;
			files = (
				76AC77F2368614DF3BF81A02 /* libPods-Rally.a in Frameworks */,
			);
			runOnlyForDeploymentPostprocessing = 0;
		};
		267635821CAE5A0400F7A019 /* Frameworks */ = {
			isa = PBXFrameworksBuildPhase;
			buildActionMask = 2147483647;
			files = (
			);
			runOnlyForDeploymentPostprocessing = 0;
		};
		2676358D1CAE5A0400F7A019 /* Frameworks */ = {
			isa = PBXFrameworksBuildPhase;
			buildActionMask = 2147483647;
			files = (
			);
			runOnlyForDeploymentPostprocessing = 0;
		};
/* End PBXFrameworksBuildPhase section */

/* Begin PBXGroup section */
		267635631CAE5A0400F7A019 = {
			isa = PBXGroup;
			children = (
				2676356E1CAE5A0400F7A019 /* Rally */,
				267635881CAE5A0400F7A019 /* RallyTests */,
				267635931CAE5A0400F7A019 /* RallyUITests */,
				2676356D1CAE5A0400F7A019 /* Products */,
				C042DBE7BC1ADDCC15F8CEA8 /* Pods */,
				E25BA2FEC09692D3F7888CB6 /* Frameworks */,
			);
			sourceTree = "<group>";
		};
		2676356D1CAE5A0400F7A019 /* Products */ = {
			isa = PBXGroup;
			children = (
				2676356C1CAE5A0400F7A019 /* Rally.app */,
				267635851CAE5A0400F7A019 /* RallyTests.xctest */,
				267635901CAE5A0400F7A019 /* RallyUITests.xctest */,
			);
			name = Products;
			sourceTree = "<group>";
		};
		2676356E1CAE5A0400F7A019 /* Rally */ = {
			isa = PBXGroup;
			children = (
				267635721CAE5A0400F7A019 /* RALAppDelegate.h */,
				267635731CAE5A0400F7A019 /* RALAppDelegate.m */,
				267635781CAE5A0400F7A019 /* RALLibrary.storyboard */,
				267635A21CAE5B6000F7A019 /* RALLibraryViewController.h */,
				267635A31CAE5B6000F7A019 /* RALLibraryViewController.m */,
				267635A81CAE5D4800F7A019 /* RALLibrary.h */,
				267635A91CAE5D4800F7A019 /* RALLibrary.m */,
				2676357B1CAE5A0400F7A019 /* Assets.xcassets */,
				2676357D1CAE5A0400F7A019 /* LaunchScreen.storyboard */,
				2676356F1CAE5A0400F7A019 /* Supporting Files */,
			);
			path = Rally;
			sourceTree = "<group>";
		};
		2676356F1CAE5A0400F7A019 /* Supporting Files */ = {
			isa = PBXGroup;
			children = (
				267635801CAE5A0400F7A019 /* Info.plist */,
				267635701CAE5A0400F7A019 /* main.m */,
				2682AFB01CB218B7000D9726 /* PrefixHeader.pch */,
			);
			name = "Supporting Files";
			sourceTree = "<group>";
		};
		267635881CAE5A0400F7A019 /* RallyTests */ = {
			isa = PBXGroup;
			children = (
				267635891CAE5A0400F7A019 /* RallyTests.m */,
				2676358B1CAE5A0400F7A019 /* Info.plist */,
			);
			path = RallyTests;
			sourceTree = "<group>";
		};
		267635931CAE5A0400F7A019 /* RallyUITests */ = {
			isa = PBXGroup;
			children = (
				267635941CAE5A0400F7A019 /* RallyUITests.m */,
				267635961CAE5A0400F7A019 /* Info.plist */,
			);
			path = RallyUITests;
			sourceTree = "<group>";
		};
		C042DBE7BC1ADDCC15F8CEA8 /* Pods */ = {
			isa = PBXGroup;
			children = (
				80F549B46D0A74FEB8DCBF19 /* Pods-Rally.debug.xcconfig */,
				2FAC2507FFD255A08B451EC5 /* Pods-Rally.release.xcconfig */,
			);
			name = Pods;
			sourceTree = "<group>";
		};
		E25BA2FEC09692D3F7888CB6 /* Frameworks */ = {
			isa = PBXGroup;
			children = (
				F46705B190F43764C0F612DF /* libPods-Rally.a */,
			);
			name = Frameworks;
			sourceTree = "<group>";
		};
/* End PBXGroup section */

/* Begin PBXNativeTarget section */
		2676356B1CAE5A0400F7A019 /* Rally */ = {
			isa = PBXNativeTarget;
			buildConfigurationList = 267635991CAE5A0400F7A019 /* Build configuration list for PBXNativeTarget "Rally" */;
			buildPhases = (
				81063CEBB2634E51AEDD429D /* Check Pods Manifest.lock */,
				267635681CAE5A0400F7A019 /* Sources */,
				267635691CAE5A0400F7A019 /* Frameworks */,
				2676356A1CAE5A0400F7A019 /* Resources */,
				03BB2C5E4E0DDB022D0ACF5B /* Embed Pods Frameworks */,
				D65BFD83BE0D30D5AC95170F /* Copy Pods Resources */,
			);
			buildRules = (
			);
			dependencies = (
			);
			name = Rally;
			productName = Rally;
			productReference = 2676356C1CAE5A0400F7A019 /* Rally.app */;
			productType = "com.apple.product-type.application";
		};
		267635841CAE5A0400F7A019 /* RallyTests */ = {
			isa = PBXNativeTarget;
			buildConfigurationList = 2676359C1CAE5A0400F7A019 /* Build configuration list for PBXNativeTarget "RallyTests" */;
			buildPhases = (
				267635811CAE5A0400F7A019 /* Sources */,
				267635821CAE5A0400F7A019 /* Frameworks */,
				267635831CAE5A0400F7A019 /* Resources */,
			);
			buildRules = (
			);
			dependencies = (
				267635871CAE5A0400F7A019 /* PBXTargetDependency */,
			);
			name = RallyTests;
			productName = RallyTests;
			productReference = 267635851CAE5A0400F7A019 /* RallyTests.xctest */;
			productType = "com.apple.product-type.bundle.unit-test";
		};
		2676358F1CAE5A0400F7A019 /* RallyUITests */ = {
			isa = PBXNativeTarget;
			buildConfigurationList = 2676359F1CAE5A0400F7A019 /* Build configuration list for PBXNativeTarget "RallyUITests" */;
			buildPhases = (
				2676358C1CAE5A0400F7A019 /* Sources */,
				2676358D1CAE5A0400F7A019 /* Frameworks */,
				2676358E1CAE5A0400F7A019 /* Resources */,
			);
			buildRules = (
			);
			dependencies = (
				267635921CAE5A0400F7A019 /* PBXTargetDependency */,
			);
			name = RallyUITests;
			productName = RallyUITests;
			productReference = 267635901CAE5A0400F7A019 /* RallyUITests.xctest */;
			productType = "com.apple.product-type.bundle.ui-testing";
		};
/* End PBXNativeTarget section */

/* Begin PBXProject section */
		267635641CAE5A0400F7A019 /* Project object */ = {
			isa = PBXProject;
			attributes = {
				LastUpgradeCheck = 0720;
				ORGANIZATIONNAME = masato_arai;
				TargetAttributes = {
					2676356B1CAE5A0400F7A019 = {
						CreatedOnToolsVersion = 7.2.1;
					};
					267635841CAE5A0400F7A019 = {
						CreatedOnToolsVersion = 7.2.1;
						TestTargetID = 2676356B1CAE5A0400F7A019;
					};
					2676358F1CAE5A0400F7A019 = {
						CreatedOnToolsVersion = 7.2.1;
						TestTargetID = 2676356B1CAE5A0400F7A019;
					};
				};
			};
			buildConfigurationList = 267635671CAE5A0400F7A019 /* Build configuration list for PBXProject "Rally" */;
			compatibilityVersion = "Xcode 3.2";
			developmentRegion = English;
			hasScannedForEncodings = 0;
			knownRegions = (
				en,
				Base,
			);
			mainGroup = 267635631CAE5A0400F7A019;
			productRefGroup = 2676356D1CAE5A0400F7A019 /* Products */;
			projectDirPath = "";
			projectRoot = "";
			targets = (
				2676356B1CAE5A0400F7A019 /* Rally */,
				267635841CAE5A0400F7A019 /* RallyTests */,
				2676358F1CAE5A0400F7A019 /* RallyUITests */,
			);
		};
/* End PBXProject section */

/* Begin PBXResourcesBuildPhase section */
		2676356A1CAE5A0400F7A019 /* Resources */ = {
			isa = PBXResourcesBuildPhase;
			buildActionMask = 2147483647;
			files = (
				2676357F1CAE5A0400F7A019 /* LaunchScreen.storyboard in Resources */,
				2676357C1CAE5A0400F7A019 /* Assets.xcassets in Resources */,
				2676357A1CAE5A0400F7A019 /* RALLibrary.storyboard in Resources */,
			);
			runOnlyForDeploymentPostprocessing = 0;
		};
		267635831CAE5A0400F7A019 /* Resources */ = {
			isa = PBXResourcesBuildPhase;
			buildActionMask = 2147483647;
			files = (
			);
			runOnlyForDeploymentPostprocessing = 0;
		};
		2676358E1CAE5A0400F7A019 /* Resources */ = {
			isa = PBXResourcesBuildPhase;
			buildActionMask = 2147483647;
			files = (
			);
			runOnlyForDeploymentPostprocessing = 0;
		};
/* End PBXResourcesBuildPhase section */

/* Begin PBXShellScriptBuildPhase section */
		03BB2C5E4E0DDB022D0ACF5B /* Embed Pods Frameworks */ = {
			isa = PBXShellScriptBuildPhase;
			buildActionMask = 2147483647;
			files = (
			);
			inputPaths = (
			);
			name = "Embed Pods Frameworks";
			outputPaths = (
			);
			runOnlyForDeploymentPostprocessing = 0;
			shellPath = /bin/sh;
			shellScript = "\"${SRCROOT}/Pods/Target Support Files/Pods-Rally/Pods-Rally-frameworks.sh\"\n";
			showEnvVarsInLog = 0;
		};
		81063CEBB2634E51AEDD429D /* Check Pods Manifest.lock */ = {
			isa = PBXShellScriptBuildPhase;
			buildActionMask = 2147483647;
			files = (
			);
			inputPaths = (
			);
			name = "Check Pods Manifest.lock";
			outputPaths = (
			);
			runOnlyForDeploymentPostprocessing = 0;
			shellPath = /bin/sh;
			shellScript = "diff \"${PODS_ROOT}/../Podfile.lock\" \"${PODS_ROOT}/Manifest.lock\" > /dev/null\nif [[ $? != 0 ]] ; then\n    cat << EOM\nerror: The sandbox is not in sync with the Podfile.lock. Run 'pod install' or update your CocoaPods installation.\nEOM\n    exit 1\nfi\n";
			showEnvVarsInLog = 0;
		};
		D65BFD83BE0D30D5AC95170F /* Copy Pods Resources */ = {
			isa = PBXShellScriptBuildPhase;
			buildActionMask = 2147483647;
			files = (
			);
			inputPaths = (
			);
			name = "Copy Pods Resources";
			outputPaths = (
			);
			runOnlyForDeploymentPostprocessing = 0;
			shellPath = /bin/sh;
			shellScript = "\"${SRCROOT}/Pods/Target Support Files/Pods-Rally/Pods-Rally-resources.sh\"\n";
			showEnvVarsInLog = 0;
		};
/* End PBXShellScriptBuildPhase section */

/* Begin PBXSourcesBuildPhase section */
		267635681CAE5A0400F7A019 /* Sources */ = {
			isa = PBXSourcesBuildPhase;
			buildActionMask = 2147483647;
			files = (
				267635741CAE5A0400F7A019 /* RALAppDelegate.m in Sources */,
				267635A41CAE5B6000F7A019 /* RALLibraryViewController.m in Sources */,
				267635711CAE5A0400F7A019 /* main.m in Sources */,
				267635AA1CAE5D4800F7A019 /* RALLibrary.m in Sources */,
			);
			runOnlyForDeploymentPostprocessing = 0;
		};
		267635811CAE5A0400F7A019 /* Sources */ = {
			isa = PBXSourcesBuildPhase;
			buildActionMask = 2147483647;
			files = (
				2676358A1CAE5A0400F7A019 /* RallyTests.m in Sources */,
			);
			runOnlyForDeploymentPostprocessing = 0;
		};
		2676358C1CAE5A0400F7A019 /* Sources */ = {
			isa = PBXSourcesBuildPhase;
			buildActionMask = 2147483647;
			files = (
				267635951CAE5A0400F7A019 /* RallyUITests.m in Sources */,
			);
			runOnlyForDeploymentPostprocessing = 0;
		};
/* End PBXSourcesBuildPhase section */

/* Begin PBXTargetDependency section */
		267635871CAE5A0400F7A019 /* PBXTargetDependency */ = {
			isa = PBXTargetDependency;
			target = 2676356B1CAE5A0400F7A019 /* Rally */;
			targetProxy = 267635861CAE5A0400F7A019 /* PBXContainerItemProxy */;
		};
		267635921CAE5A0400F7A019 /* PBXTargetDependency */ = {
			isa = PBXTargetDependency;
			target = 2676356B1CAE5A0400F7A019 /* Rally */;
			targetProxy = 267635911CAE5A0400F7A019 /* PBXContainerItemProxy */;
		};
/* End PBXTargetDependency section */

/* Begin PBXVariantGroup section */
		267635781CAE5A0400F7A019 /* RALLibrary.storyboard */ = {
			isa = PBXVariantGroup;
			children = (
				267635791CAE5A0400F7A019 /* Base */,
			);
			name = RALLibrary.storyboard;
			sourceTree = "<group>";
		};
		2676357D1CAE5A0400F7A019 /* LaunchScreen.storyboard */ = {
			isa = PBXVariantGroup;
			children = (
				2676357E1CAE5A0400F7A019 /* Base */,
			);
			name = LaunchScreen.storyboard;
			sourceTree = "<group>";
		};
/* End PBXVariantGroup section */

/* Begin XCBuildConfiguration section */
		267635971CAE5A0400F7A019 /* Debug */ = {
			isa = XCBuildConfiguration;
			buildSettings = {
				ALWAYS_SEARCH_USER_PATHS = NO;
				CLANG_CXX_LANGUAGE_STANDARD = "gnu++0x";
				CLANG_CXX_LIBRARY = "libc++";
				CLANG_ENABLE_MODULES = YES;
				CLANG_ENABLE_OBJC_ARC = YES;
				CLANG_WARN_BOOL_CONVERSION = YES;
				CLANG_WARN_CONSTANT_CONVERSION = YES;
				CLANG_WARN_DIRECT_OBJC_ISA_USAGE = YES_ERROR;
				CLANG_WARN_EMPTY_BODY = YES;
				CLANG_WARN_ENUM_CONVERSION = YES;
				CLANG_WARN_INT_CONVERSION = YES;
				CLANG_WARN_OBJC_ROOT_CLASS = YES_ERROR;
				CLANG_WARN_UNREACHABLE_CODE = YES;
				CLANG_WARN__DUPLICATE_METHOD_MATCH = YES;
				"CODE_SIGN_IDENTITY[sdk=iphoneos*]" = "iPhone Developer";
				COPY_PHASE_STRIP = NO;
				DEBUG_INFORMATION_FORMAT = dwarf;
				ENABLE_STRICT_OBJC_MSGSEND = YES;
				ENABLE_TESTABILITY = YES;
				GCC_C_LANGUAGE_STANDARD = gnu99;
				GCC_DYNAMIC_NO_PIC = NO;
				GCC_NO_COMMON_BLOCKS = YES;
				GCC_OPTIMIZATION_LEVEL = 0;
				GCC_PREFIX_HEADER = "$(PRODUCT_NAME)/PrefixHeader.pch";
				GCC_PREPROCESSOR_DEFINITIONS = (
					"DEBUG=1",
					"$(inherited)",
				);
				GCC_WARN_64_TO_32_BIT_CONVERSION = YES;
				GCC_WARN_ABOUT_RETURN_TYPE = YES_ERROR;
				GCC_WARN_UNDECLARED_SELECTOR = YES;
				GCC_WARN_UNINITIALIZED_AUTOS = YES_AGGRESSIVE;
				GCC_WARN_UNUSED_FUNCTION = YES;
				GCC_WARN_UNUSED_VARIABLE = YES;
				IPHONEOS_DEPLOYMENT_TARGET = 9.2;
				MTL_ENABLE_DEBUG_INFO = YES;
				ONLY_ACTIVE_ARCH = YES;
				SDKROOT = iphoneos;
				TARGETED_DEVICE_FAMILY = "1,2";
			};
			name = Debug;
		};
		267635981CAE5A0400F7A019 /* Release */ = {
			isa = XCBuildConfiguration;
			buildSettings = {
				ALWAYS_SEARCH_USER_PATHS = NO;
				CLANG_CXX_LANGUAGE_STANDARD = "gnu++0x";
				CLANG_CXX_LIBRARY = "libc++";
				CLANG_ENABLE_MODULES = YES;
				CLANG_ENABLE_OBJC_ARC = YES;
				CLANG_WARN_BOOL_CONVERSION = YES;
				CLANG_WARN_CONSTANT_CONVERSION = YES;
				CLANG_WARN_DIRECT_OBJC_ISA_USAGE = YES_ERROR;
				CLANG_WARN_EMPTY_BODY = YES;
				CLANG_WARN_ENUM_CONVERSION = YES;
				CLANG_WARN_INT_CONVERSION = YES;
				CLANG_WARN_OBJC_ROOT_CLASS = YES_ERROR;
				CLANG_WARN_UNREACHABLE_CODE = YES;
				CLANG_WARN__DUPLICATE_METHOD_MATCH = YES;
				"CODE_SIGN_IDENTITY[sdk=iphoneos*]" = "iPhone Developer";
				COPY_PHASE_STRIP = NO;
				DEBUG_INFORMATION_FORMAT = "dwarf-with-dsym";
				ENABLE_NS_ASSERTIONS = NO;
				ENABLE_STRICT_OBJC_MSGSEND = YES;
				GCC_C_LANGUAGE_STANDARD = gnu99;
				GCC_NO_COMMON_BLOCKS = YES;
				GCC_PREFIX_HEADER = "$(PRODUCT_NAME)/PrefixHeader.pch";
				GCC_WARN_64_TO_32_BIT_CONVERSION = YES;
				GCC_WARN_ABOUT_RETURN_TYPE = YES_ERROR;
				GCC_WARN_UNDECLARED_SELECTOR = YES;
				GCC_WARN_UNINITIALIZED_AUTOS = YES_AGGRESSIVE;
				GCC_WARN_UNUSED_FUNCTION = YES;
				GCC_WARN_UNUSED_VARIABLE = YES;
				IPHONEOS_DEPLOYMENT_TARGET = 9.2;
				MTL_ENABLE_DEBUG_INFO = NO;
				SDKROOT = iphoneos;
				TARGETED_DEVICE_FAMILY = "1,2";
				VALIDATE_PRODUCT = YES;
			};
			name = Release;
		};
		2676359A1CAE5A0400F7A019 /* Debug */ = {
			isa = XCBuildConfiguration;
			baseConfigurationReference = 80F549B46D0A74FEB8DCBF19 /* Pods-Rally.debug.xcconfig */;
			buildSettings = {
				ASSETCATALOG_COMPILER_APPICON_NAME = AppIcon;
				INFOPLIST_FILE = Rally/Info.plist;
				LD_RUNPATH_SEARCH_PATHS = "$(inherited) @executable_path/Frameworks";
				PRODUCT_BUNDLE_IDENTIFIER = jp.co.teaandcoffee.Rally;
				PRODUCT_NAME = "$(TARGET_NAME)";
			};
			name = Debug;
		};
		2676359B1CAE5A0400F7A019 /* Release */ = {
			isa = XCBuildConfiguration;
			baseConfigurationReference = 2FAC2507FFD255A08B451EC5 /* Pods-Rally.release.xcconfig */;
			buildSettings = {
				ASSETCATALOG_COMPILER_APPICON_NAME = AppIcon;
				INFOPLIST_FILE = Rally/Info.plist;
				LD_RUNPATH_SEARCH_PATHS = "$(inherited) @executable_path/Frameworks";
				PRODUCT_BUNDLE_IDENTIFIER = jp.co.teaandcoffee.Rally;
				PRODUCT_NAME = "$(TARGET_NAME)";
			};
			name = Release;
		};
		2676359D1CAE5A0400F7A019 /* Debug */ = {
			isa = XCBuildConfiguration;
			buildSettings = {
				BUNDLE_LOADER = "$(TEST_HOST)";
				INFOPLIST_FILE = RallyTests/Info.plist;
				LD_RUNPATH_SEARCH_PATHS = "$(inherited) @executable_path/Frameworks @loader_path/Frameworks";
				PRODUCT_BUNDLE_IDENTIFIER = jp.co.teaandcoffee.RallyTests;
				PRODUCT_NAME = "$(TARGET_NAME)";
				TEST_HOST = "$(BUILT_PRODUCTS_DIR)/Rally.app/Rally";
			};
			name = Debug;
		};
		2676359E1CAE5A0400F7A019 /* Release */ = {
			isa = XCBuildConfiguration;
			buildSettings = {
				BUNDLE_LOADER = "$(TEST_HOST)";
				INFOPLIST_FILE = RallyTests/Info.plist;
				LD_RUNPATH_SEARCH_PATHS = "$(inherited) @executable_path/Frameworks @loader_path/Frameworks";
				PRODUCT_BUNDLE_IDENTIFIER = jp.co.teaandcoffee.RallyTests;
				PRODUCT_NAME = "$(TARGET_NAME)";
				TEST_HOST = "$(BUILT_PRODUCTS_DIR)/Rally.app/Rally";
			};
			name = Release;
		};
		267635A01CAE5A0400F7A019 /* Debug */ = {
			isa = XCBuildConfiguration;
			buildSettings = {
				INFOPLIST_FILE = RallyUITests/Info.plist;
				LD_RUNPATH_SEARCH_PATHS = "$(inherited) @executable_path/Frameworks @loader_path/Frameworks";
				PRODUCT_BUNDLE_IDENTIFIER = jp.co.teaandcoffee.RallyUITests;
				PRODUCT_NAME = "$(TARGET_NAME)";
				TEST_TARGET_NAME = Rally;
				USES_XCTRUNNER = YES;
			};
			name = Debug;
		};
		267635A11CAE5A0400F7A019 /* Release */ = {
			isa = XCBuildConfiguration;
			buildSettings = {
				INFOPLIST_FILE = RallyUITests/Info.plist;
				LD_RUNPATH_SEARCH_PATHS = "$(inherited) @executable_path/Frameworks @loader_path/Frameworks";
				PRODUCT_BUNDLE_IDENTIFIER = jp.co.teaandcoffee.RallyUITests;
				PRODUCT_NAME = "$(TARGET_NAME)";
				TEST_TARGET_NAME = Rally;
				USES_XCTRUNNER = YES;
			};
			name = Release;
		};
/* End XCBuildConfiguration section */

/* Begin XCConfigurationList section */
		267635671CAE5A0400F7A019 /* Build configuration list for PBXProject "Rally" */ = {
			isa = XCConfigurationList;
			buildConfigurations = (
				267635971CAE5A0400F7A019 /* Debug */,
				267635981CAE5A0400F7A019 /* Release */,
			);
			defaultConfigurationIsVisible = 0;
			defaultConfigurationName = Release;
		};
		267635991CAE5A0400F7A019 /* Build configuration list for PBXNativeTarget "Rally" */ = {
			isa = XCConfigurationList;
			buildConfigurations = (
				2676359A1CAE5A0400F7A019 /* Debug */,
				2676359B1CAE5A0400F7A019 /* Release */,
			);
			defaultConfigurationIsVisible = 0;
			defaultConfigurationName = Release;
		};
		2676359C1CAE5A0400F7A019 /* Build configuration list for PBXNativeTarget "RallyTests" */ = {
			isa = XCConfigurationList;
			buildConfigurations = (
				2676359D1CAE5A0400F7A019 /* Debug */,
				2676359E1CAE5A0400F7A019 /* Release */,
			);
			defaultConfigurationIsVisible = 0;
			defaultConfigurationName = Release;
		};
		2676359F1CAE5A0400F7A019 /* Build configuration list for PBXNativeTarget "RallyUITests" */ = {
			isa = XCConfigurationList;
			buildConfigurations = (
				267635A01CAE5A0400F7A019 /* Debug */,
				267635A11CAE5A0400F7A019 /* Release */,
			);
			defaultConfigurationIsVisible = 0;
			defaultConfigurationName = Release;
		};
/* End XCConfigurationList section */
	};
	rootObject = 267635641CAE5A0400F7A019 /* Project object */;
}
